
Microsoft Visual Studio Solution File, Format Version 12.00
# Visual Studio 15
VisualStudioVersion = 15.0.27130.2027
MinimumVisualStudioVersion = 10.0.40219.1
Project("{FAE04EC0-301F-11D3-BF4B-00C04F79EFBC}") = "Knight's Tour", "dataGridViewOrnekler\Knight's Tour.csproj", "{60A38175-747E-45BD-8465-2EAD512B0767}"
EndProject
Global
	GlobalSection(SolutionConfigurationPlatforms) = preSolution
		Debug|Any CPU = Debug|Any CPU
		Release|Any CPU = Release|Any CPU
	EndGlobalSection
	GlobalSection(ProjectConfigurationPlatforms) = postSolution
		{60A38175-747E-45BD-8465-2EAD512B0767}.Debug|Any CPU.ActiveCfg = Debug|Any CPU
		{60A38175-747E-45BD-8465-2EAD512B0767}.Debug|Any CPU.Build.0 = Debug|Any CPU
		{60A38175-747E-45BD-8465-2EAD512B0767}.Release|Any CPU.ActiveCfg = Release|Any CPU
		{60A38175-747E-45BD-8465-2EAD512B0767}.Release|Any CPU.Build.0 = Release|Any CPU
	EndGlobalSection
	GlobalSection(SolutionProperties) = preSolution
		HideSolutionNode = FALSE
	EndGlobalSection
	GlobalSection(ExtensibilityGlobals) = postSolution
		SolutionGuid = {FEEC6209-E05F-42C7-B053-9B89BCFAED2F}
	EndGlobalSection
EndGlobal
